// !$*UTF8*$!
{
	archiveVersion = 1;
	classes = {
	};
	objectVersion = 50;
	objects = {

/* Begin PBXBuildFile section */
		E927EC9B225E022300F78063 /* icon.png in Resources */ = {isa = PBXBuildFile; fileRef = E927EC79225E022200F78063 /* icon.png */; };
		E927EC9C225E022300F78063 /* stone1.png in Resources */ = {isa = PBXBuildFile; fileRef = E927EC7B225E022200F78063 /* stone1.png */; };
		E927EC9D225E022300F78063 /* stone2.png in Resources */ = {isa = PBXBuildFile; fileRef = E927EC7C225E022200F78063 /* stone2.png */; };
		E927EC9E225E022300F78063 /* stone3.png in Resources */ = {isa = PBXBuildFile; fileRef = E927EC7D225E022200F78063 /* stone3.png */; };
		E927EC9F225E022300F78063 /* ice2.png in Resources */ = {isa = PBXBuildFile; fileRef = E927EC7E225E022200F78063 /* ice2.png */; };
		E927ECA0225E022300F78063 /* ice3.png in Resources */ = {isa = PBXBuildFile; fileRef = E927EC7F225E022200F78063 /* ice3.png */; };
		E927ECA1225E022300F78063 /* ice1.png in Resources */ = {isa = PBXBuildFile; fileRef = E927EC80225E022200F78063 /* ice1.png */; };
		E927ECA2225E022300F78063 /* box1.png in Resources */ = {isa = PBXBuildFile; fileRef = E927EC82225E022200F78063 /* box1.png */; };
		E927ECA3225E022300F78063 /* box2.png in Resources */ = {isa = PBXBuildFile; fileRef = E927EC83225E022200F78063 /* box2.png */; };
		E927ECA4225E022300F78063 /* background.png in Resources */ = {isa = PBXBuildFile; fileRef = E927EC86225E022200F78063 /* background.png */; };
		E927ECA5225E022300F78063 /* sky.png in Resources */ = {isa = PBXBuildFile; fileRef = E927EC87225E022200F78063 /* sky.png */; };
		E927ECA6225E022300F78063 /* ground.png in Resources */ = {isa = PBXBuildFile; fileRef = E927EC88225E022200F78063 /* ground.png */; };
		E927ECA7225E022300F78063 /* foreground.png in Resources */ = {isa = PBXBuildFile; fileRef = E927EC89225E022200F78063 /* foreground.png */; };
		E927ECA8225E022300F78063 /* middle.png in Resources */ = {isa = PBXBuildFile; fileRef = E927EC8A225E022200F78063 /* middle.png */; };
		E927ECA9225E022300F78063 /* flower1.png in Resources */ = {isa = PBXBuildFile; fileRef = E927EC8C225E022200F78063 /* flower1.png */; };
		E927ECAA225E022300F78063 /* mushroom1.png in Resources */ = {isa = PBXBuildFile; fileRef = E927EC8D225E022200F78063 /* mushroom1.png */; };
		E927ECAB225E022300F78063 /* flower2.png in Resources */ = {isa = PBXBuildFile; fileRef = E927EC8E225E022200F78063 /* flower2.png */; };
		E927ECAC225E022300F78063 /* mushroom2.png in Resources */ = {isa = PBXBuildFile; fileRef = E927EC8F225E022200F78063 /* mushroom2.png */; };
		E927ECAD225E022300F78063 /* bush1.png in Resources */ = {isa = PBXBuildFile; fileRef = E927EC90225E022200F78063 /* bush1.png */; };
		E927ECAE225E022300F78063 /* bush2.png in Resources */ = {isa = PBXBuildFile; fileRef = E927EC91225E022200F78063 /* bush2.png */; };
		E927ECAF225E022300F78063 /* raspberry.png in Resources */ = {isa = PBXBuildFile; fileRef = E927EC93225E022200F78063 /* raspberry.png */; };
		E927ECB0225E022300F78063 /* peach.png in Resources */ = {isa = PBXBuildFile; fileRef = E927EC94225E022200F78063 /* peach.png */; };
		E927ECB1225E022300F78063 /* apple.png in Resources */ = {isa = PBXBuildFile; fileRef = E927EC95225E022200F78063 /* apple.png */; };
		E927ECB2225E022300F78063 /* blackberry.png in Resources */ = {isa = PBXBuildFile; fileRef = E927EC96225E022200F78063 /* blackberry.png */; };
		E927ECB3225E022300F78063 /* plum.png in Resources */ = {isa = PBXBuildFile; fileRef = E927EC97225E022200F78063 /* plum.png */; };
		E927ECB4225E022300F78063 /* walkLeft.png in Resources */ = {isa = PBXBuildFile; fileRef = E927EC99225E022200F78063 /* walkLeft.png */; };
		E927ECB5225E022300F78063 /* walkRight.png in Resources */ = {isa = PBXBuildFile; fileRef = E927EC9A225E022200F78063 /* walkRight.png */; };
		E93AD632226B8BEA0042ADBE /* KeySystem.swift in Sources */ = {isa = PBXBuildFile; fileRef = E93AD631226B8BEA0042ADBE /* KeySystem.swift */; };
		E93E3005225E24CA006B111B /* Workshop.swift in Sources */ = {isa = PBXBuildFile; fileRef = E93E3004225E24CA006B111B /* Workshop.swift */; };
		E93E3008225E5510006B111B /* Scene.swift in Sources */ = {isa = PBXBuildFile; fileRef = E93E3007225E5510006B111B /* Scene.swift */; };
		E95EEE8E225B598300A1C23F /* AppDelegate.swift in Sources */ = {isa = PBXBuildFile; fileRef = E95EEE8D225B598300A1C23F /* AppDelegate.swift */; };
		E95EEE90225B598300A1C23F /* ViewController.swift in Sources */ = {isa = PBXBuildFile; fileRef = E95EEE8F225B598300A1C23F /* ViewController.swift */; };
		E95EEE92225B598600A1C23F /* Assets.xcassets in Resources */ = {isa = PBXBuildFile; fileRef = E95EEE91225B598600A1C23F /* Assets.xcassets */; };
		E95EEE95225B598600A1C23F /* Main.storyboard in Resources */ = {isa = PBXBuildFile; fileRef = E95EEE93225B598600A1C23F /* Main.storyboard */; };
		E98D22EE22670F130096CCAB /* Level.swift in Sources */ = {isa = PBXBuildFile; fileRef = E98D22ED22670F130096CCAB /* Level.swift */; };
		E9957F0B2268665F0055DC66 /* GameObject.swift in Sources */ = {isa = PBXBuildFile; fileRef = E9957F0A2268665F0055DC66 /* GameObject.swift */; };
		E9957F0D2268B1090055DC66 /* Physic.swift in Sources */ = {isa = PBXBuildFile; fileRef = E9957F0C2268B1090055DC66 /* Physic.swift */; };
/* End PBXBuildFile section */

/* Begin PBXFileReference section */
		E927EC79225E022200F78063 /* icon.png */ = {isa = PBXFileReference; lastKnownFileType = image.png; path = icon.png; sourceTree = "<group>"; };
		E927EC7B225E022200F78063 /* stone1.png */ = {isa = PBXFileReference; lastKnownFileType = image.png; path = stone1.png; sourceTree = "<group>"; };
		E927EC7C225E022200F78063 /* stone2.png */ = {isa = PBXFileReference; lastKnownFileType = image.png; path = stone2.png; sourceTree = "<group>"; };
		E927EC7D225E022200F78063 /* stone3.png */ = {isa = PBXFileReference; lastKnownFileType = image.png; path = stone3.png; sourceTree = "<group>"; };
		E927EC7E225E022200F78063 /* ice2.png */ = {isa = PBXFileReference; lastKnownFileType = image.png; path = ice2.png; sourceTree = "<group>"; };
		E927EC7F225E022200F78063 /* ice3.png */ = {isa = PBXFileReference; lastKnownFileType = image.png; path = ice3.png; sourceTree = "<group>"; };
		E927EC80225E022200F78063 /* ice1.png */ = {isa = PBXFileReference; lastKnownFileType = image.png; path = ice1.png; sourceTree = "<group>"; };
		E927EC82225E022200F78063 /* box1.png */ = {isa = PBXFileReference; lastKnownFileType = image.png; path = box1.png; sourceTree = "<group>"; };
		E927EC83225E022200F78063 /* box2.png */ = {isa = PBXFileReference; lastKnownFileType = image.png; path = box2.png; sourceTree = "<group>"; };
		E927EC86225E022200F78063 /* background.png */ = {isa = PBXFileReference; lastKnownFileType = image.png; path = background.png; sourceTree = "<group>"; };
		E927EC87225E022200F78063 /* sky.png */ = {isa = PBXFileReference; lastKnownFileType = image.png; path = sky.png; sourceTree = "<group>"; };
		E927EC88225E022200F78063 /* ground.png */ = {isa = PBXFileReference; lastKnownFileType = image.png; path = ground.png; sourceTree = "<group>"; };
		E927EC89225E022200F78063 /* foreground.png */ = {isa = PBXFileReference; lastKnownFileType = image.png; path = foreground.png; sourceTree = "<group>"; };
		E927EC8A225E022200F78063 /* middle.png */ = {isa = PBXFileReference; lastKnownFileType = image.png; path = middle.png; sourceTree = "<group>"; };
		E927EC8C225E022200F78063 /* flower1.png */ = {isa = PBXFileReference; lastKnownFileType = image.png; path = flower1.png; sourceTree = "<group>"; };
		E927EC8D225E022200F78063 /* mushroom1.png */ = {isa = PBXFileReference; lastKnownFileType = image.png; path = mushroom1.png; sourceTree = "<group>"; };
		E927EC8E225E022200F78063 /* flower2.png */ = {isa = PBXFileReference; lastKnownFileType = image.png; path = flower2.png; sourceTree = "<group>"; };
		E927EC8F225E022200F78063 /* mushroom2.png */ = {isa = PBXFileReference; lastKnownFileType = image.png; path = mushroom2.png; sourceTree = "<group>"; };
		E927EC90225E022200F78063 /* bush1.png */ = {isa = PBXFileReference; lastKnownFileType = image.png; path = bush1.png; sourceTree = "<group>"; };
		E927EC91225E022200F78063 /* bush2.png */ = {isa = PBXFileReference; lastKnownFileType = image.png; path = bush2.png; sourceTree = "<group>"; };
		E927EC93225E022200F78063 /* raspberry.png */ = {isa = PBXFileReference; lastKnownFileType = image.png; path = raspberry.png; sourceTree = "<group>"; };
		E927EC94225E022200F78063 /* peach.png */ = {isa = PBXFileReference; lastKnownFileType = image.png; path = peach.png; sourceTree = "<group>"; };
		E927EC95225E022200F78063 /* apple.png */ = {isa = PBXFileReference; lastKnownFileType = image.png; path = apple.png; sourceTree = "<group>"; };
		E927EC96225E022200F78063 /* blackberry.png */ = {isa = PBXFileReference; lastKnownFileType = image.png; path = blackberry.png; sourceTree = "<group>"; };
		E927EC97225E022200F78063 /* plum.png */ = {isa = PBXFileReference; lastKnownFileType = image.png; path = plum.png; sourceTree = "<group>"; };
		E927EC99225E022200F78063 /* walkLeft.png */ = {isa = PBXFileReference; lastKnownFileType = image.png; path = walkLeft.png; sourceTree = "<group>"; };
		E927EC9A225E022200F78063 /* walkRight.png */ = {isa = PBXFileReference; lastKnownFileType = image.png; path = walkRight.png; sourceTree = "<group>"; };
		E93AD631226B8BEA0042ADBE /* KeySystem.swift */ = {isa = PBXFileReference; lastKnownFileType = sourcecode.swift; path = KeySystem.swift; sourceTree = "<group>"; };
		E93E3004225E24CA006B111B /* Workshop.swift */ = {isa = PBXFileReference; lastKnownFileType = sourcecode.swift; path = Workshop.swift; sourceTree = "<group>"; };
		E93E3007225E5510006B111B /* Scene.swift */ = {isa = PBXFileReference; lastKnownFileType = sourcecode.swift; path = Scene.swift; sourceTree = "<group>"; };
		E95EEE8A225B598300A1C23F /* SwiftWorkshop.app */ = {isa = PBXFileReference; explicitFileType = wrapper.application; includeInIndex = 0; path = SwiftWorkshop.app; sourceTree = BUILT_PRODUCTS_DIR; };
		E95EEE8D225B598300A1C23F /* AppDelegate.swift */ = {isa = PBXFileReference; lastKnownFileType = sourcecode.swift; path = AppDelegate.swift; sourceTree = "<group>"; };
		E95EEE8F225B598300A1C23F /* ViewController.swift */ = {isa = PBXFileReference; lastKnownFileType = sourcecode.swift; path = ViewController.swift; sourceTree = "<group>"; };
		E95EEE91225B598600A1C23F /* Assets.xcassets */ = {isa = PBXFileReference; lastKnownFileType = folder.assetcatalog; path = Assets.xcassets; sourceTree = "<group>"; };
		E95EEE94225B598600A1C23F /* Base */ = {isa = PBXFileReference; lastKnownFileType = file.storyboard; name = Base; path = Base.lproj/Main.storyboard; sourceTree = "<group>"; };
		E95EEE96225B598600A1C23F /* Info.plist */ = {isa = PBXFileReference; lastKnownFileType = text.plist.xml; path = Info.plist; sourceTree = "<group>"; };
		E95EEE97225B598600A1C23F /* SwiftWorkshop.entitlements */ = {isa = PBXFileReference; lastKnownFileType = text.plist.entitlements; path = SwiftWorkshop.entitlements; sourceTree = "<group>"; };
		E98D22ED22670F130096CCAB /* Level.swift */ = {isa = PBXFileReference; lastKnownFileType = sourcecode.swift; path = Level.swift; sourceTree = "<group>"; };
		E9957F0A2268665F0055DC66 /* GameObject.swift */ = {isa = PBXFileReference; lastKnownFileType = sourcecode.swift; path = GameObject.swift; sourceTree = "<group>"; };
		E9957F0C2268B1090055DC66 /* Physic.swift */ = {isa = PBXFileReference; lastKnownFileType = sourcecode.swift; path = Physic.swift; sourceTree = "<group>"; };
/* End PBXFileReference section */

/* Begin PBXFrameworksBuildPhase section */
		E95EEE87225B598300A1C23F /* Frameworks */ = {
			isa = PBXFrameworksBuildPhase;
			buildActionMask = 2147483647;
			files = (
			);
			runOnlyForDeploymentPostprocessing = 0;
		};
/* End PBXFrameworksBuildPhase section */

/* Begin PBXGroup section */
		E927EC78225E022200F78063 /* res */ = {
			isa = PBXGroup;
			children = (
				E927EC79225E022200F78063 /* icon.png */,
				E927EC7A225E022200F78063 /* wall */,
				E927EC81225E022200F78063 /* box */,
				E927EC84225E022200F78063 /* deco */,
				E927EC92225E022200F78063 /* item */,
				E927EC98225E022200F78063 /* player */,
			);
			path = res;
			sourceTree = "<group>";
		};
		E927EC7A225E022200F78063 /* wall */ = {
			isa = PBXGroup;
			children = (
				E927EC7B225E022200F78063 /* stone1.png */,
				E927EC7C225E022200F78063 /* stone2.png */,
				E927EC7D225E022200F78063 /* stone3.png */,
				E927EC7E225E022200F78063 /* ice2.png */,
				E927EC7F225E022200F78063 /* ice3.png */,
				E927EC80225E022200F78063 /* ice1.png */,
			);
			path = wall;
			sourceTree = "<group>";
		};
		E927EC81225E022200F78063 /* box */ = {
			isa = PBXGroup;
			children = (
				E927EC82225E022200F78063 /* box1.png */,
				E927EC83225E022200F78063 /* box2.png */,
			);
			path = box;
			sourceTree = "<group>";
		};
		E927EC84225E022200F78063 /* deco */ = {
			isa = PBXGroup;
			children = (
				E927EC85225E022200F78063 /* bg */,
				E927EC8B225E022200F78063 /* fg */,
			);
			path = deco;
			sourceTree = "<group>";
		};
		E927EC85225E022200F78063 /* bg */ = {
			isa = PBXGroup;
			children = (
				E927EC86225E022200F78063 /* background.png */,
				E927EC87225E022200F78063 /* sky.png */,
				E927EC88225E022200F78063 /* ground.png */,
				E927EC89225E022200F78063 /* foreground.png */,
				E927EC8A225E022200F78063 /* middle.png */,
			);
			path = bg;
			sourceTree = "<group>";
		};
		E927EC8B225E022200F78063 /* fg */ = {
			isa = PBXGroup;
			children = (
				E927EC8C225E022200F78063 /* flower1.png */,
				E927EC8D225E022200F78063 /* mushroom1.png */,
				E927EC8E225E022200F78063 /* flower2.png */,
				E927EC8F225E022200F78063 /* mushroom2.png */,
				E927EC90225E022200F78063 /* bush1.png */,
				E927EC91225E022200F78063 /* bush2.png */,
			);
			path = fg;
			sourceTree = "<group>";
		};
		E927EC92225E022200F78063 /* item */ = {
			isa = PBXGroup;
			children = (
				E927EC93225E022200F78063 /* raspberry.png */,
				E927EC94225E022200F78063 /* peach.png */,
				E927EC95225E022200F78063 /* apple.png */,
				E927EC96225E022200F78063 /* blackberry.png */,
				E927EC97225E022200F78063 /* plum.png */,
			);
			path = item;
			sourceTree = "<group>";
		};
		E927EC98225E022200F78063 /* player */ = {
			isa = PBXGroup;
			children = (
				E927EC99225E022200F78063 /* walkLeft.png */,
				E927EC9A225E022200F78063 /* walkRight.png */,
			);
			path = player;
			sourceTree = "<group>";
		};
		E93E3006225E54E3006B111B /* engine */ = {
			isa = PBXGroup;
			children = (
				E93E3007225E5510006B111B /* Scene.swift */,
				E9957F0C2268B1090055DC66 /* Physic.swift */,
				E93AD631226B8BEA0042ADBE /* KeySystem.swift */,
			);
			path = engine;
			sourceTree = "<group>";
		};
		E95EEE81225B598300A1C23F = {
			isa = PBXGroup;
			children = (
				E927EC78225E022200F78063 /* res */,
				E95EEE8C225B598300A1C23F /* SwiftWorkshop */,
				E95EEE8B225B598300A1C23F /* Products */,
			);
			sourceTree = "<group>";
		};
		E95EEE8B225B598300A1C23F /* Products */ = {
			isa = PBXGroup;
			children = (
				E95EEE8A225B598300A1C23F /* SwiftWorkshop.app */,
			);
			name = Products;
			sourceTree = "<group>";
		};
		E95EEE8C225B598300A1C23F /* SwiftWorkshop */ = {
			isa = PBXGroup;
			children = (
				E98D22EC22670EFE0096CCAB /* game */,
				E93E3006225E54E3006B111B /* engine */,
				E93E3004225E24CA006B111B /* Workshop.swift */,
				E95EEE8D225B598300A1C23F /* AppDelegate.swift */,
				E95EEE8F225B598300A1C23F /* ViewController.swift */,
				E95EEE91225B598600A1C23F /* Assets.xcassets */,
				E95EEE93225B598600A1C23F /* Main.storyboard */,
				E95EEE96225B598600A1C23F /* Info.plist */,
				E95EEE97225B598600A1C23F /* SwiftWorkshop.entitlements */,
			);
			path = SwiftWorkshop;
			sourceTree = "<group>";
		};
		E98D22EC22670EFE0096CCAB /* game */ = {
			isa = PBXGroup;
			children = (
				E98D22ED22670F130096CCAB /* Level.swift */,
				E9957F0A2268665F0055DC66 /* GameObject.swift */,
			);
			path = game;
			sourceTree = "<group>";
		};
/* End PBXGroup section */

/* Begin PBXNativeTarget section */
		E95EEE89225B598300A1C23F /* SwiftWorkshop */ = {
			isa = PBXNativeTarget;
			buildConfigurationList = E95EEE9A225B598600A1C23F /* Build configuration list for PBXNativeTarget "SwiftWorkshop" */;
			buildPhases = (
				E95EEE86225B598300A1C23F /* Sources */,
				E95EEE87225B598300A1C23F /* Frameworks */,
				E95EEE88225B598300A1C23F /* Resources */,
			);
			buildRules = (
			);
			dependencies = (
			);
			name = SwiftWorkshop;
			productName = SwiftWorkshop;
			productReference = E95EEE8A225B598300A1C23F /* SwiftWorkshop.app */;
			productType = "com.apple.product-type.application";
		};
/* End PBXNativeTarget section */

/* Begin PBXProject section */
		E95EEE82225B598300A1C23F /* Project object */ = {
			isa = PBXProject;
			attributes = {
				LastSwiftUpdateCheck = 1010;
				LastUpgradeCheck = 1010;
				ORGANIZATIONNAME = "Mayflower GmbH";
				TargetAttributes = {
					E95EEE89225B598300A1C23F = {
						CreatedOnToolsVersion = 10.1;
					};
				};
			};
			buildConfigurationList = E95EEE85225B598300A1C23F /* Build configuration list for PBXProject "SwiftWorkshop" */;
			compatibilityVersion = "Xcode 9.3";
			developmentRegion = en;
			hasScannedForEncodings = 0;
			knownRegions = (
				en,
				Base,
			);
			mainGroup = E95EEE81225B598300A1C23F;
			productRefGroup = E95EEE8B225B598300A1C23F /* Products */;
			projectDirPath = "";
			projectRoot = "";
			targets = (
				E95EEE89225B598300A1C23F /* SwiftWorkshop */,
			);
		};
/* End PBXProject section */

/* Begin PBXResourcesBuildPhase section */
		E95EEE88225B598300A1C23F /* Resources */ = {
			isa = PBXResourcesBuildPhase;
			buildActionMask = 2147483647;
			files = (
				E95EEE92225B598600A1C23F /* Assets.xcassets in Resources */,
				E927ECB4225E022300F78063 /* walkLeft.png in Resources */,
				E927ECA4225E022300F78063 /* background.png in Resources */,
				E927ECB3225E022300F78063 /* plum.png in Resources */,
				E927ECA6225E022300F78063 /* ground.png in Resources */,
				E927ECA2225E022300F78063 /* box1.png in Resources */,
				E927ECAE225E022300F78063 /* bush2.png in Resources */,
				E927ECB5225E022300F78063 /* walkRight.png in Resources */,
				E927ECB0225E022300F78063 /* peach.png in Resources */,
				E927EC9E225E022300F78063 /* stone3.png in Resources */,
				E927ECAD225E022300F78063 /* bush1.png in Resources */,
				E927ECA1225E022300F78063 /* ice1.png in Resources */,
				E927ECAB225E022300F78063 /* flower2.png in Resources */,
				E927ECA3225E022300F78063 /* box2.png in Resources */,
				E927EC9F225E022300F78063 /* ice2.png in Resources */,
				E927ECA9225E022300F78063 /* flower1.png in Resources */,
				E927ECAF225E022300F78063 /* raspberry.png in Resources */,
				E927ECAA225E022300F78063 /* mushroom1.png in Resources */,
				E927ECA5225E022300F78063 /* sky.png in Resources */,
				E927ECAC225E022300F78063 /* mushroom2.png in Resources */,
				E95EEE95225B598600A1C23F /* Main.storyboard in Resources */,
				E927EC9B225E022300F78063 /* icon.png in Resources */,
				E927ECB1225E022300F78063 /* apple.png in Resources */,
				E927ECA7225E022300F78063 /* foreground.png in Resources */,
				E927ECA8225E022300F78063 /* middle.png in Resources */,
				E927EC9D225E022300F78063 /* stone2.png in Resources */,
				E927EC9C225E022300F78063 /* stone1.png in Resources */,
				E927ECB2225E022300F78063 /* blackberry.png in Resources */,
				E927ECA0225E022300F78063 /* ice3.png in Resources */,
			);
			runOnlyForDeploymentPostprocessing = 0;
		};
/* End PBXResourcesBuildPhase section */

/* Begin PBXSourcesBuildPhase section */
		E95EEE86225B598300A1C23F /* Sources */ = {
			isa = PBXSourcesBuildPhase;
			buildActionMask = 2147483647;
			files = (
				E93AD632226B8BEA0042ADBE /* KeySystem.swift in Sources */,
				E93E3008225E5510006B111B /* Scene.swift in Sources */,
				E95EEE90225B598300A1C23F /* ViewController.swift in Sources */,
				E9957F0B2268665F0055DC66 /* GameObject.swift in Sources */,
				E93E3005225E24CA006B111B /* Workshop.swift in Sources */,
				E98D22EE22670F130096CCAB /* Level.swift in Sources */,
				E9957F0D2268B1090055DC66 /* Physic.swift in Sources */,
				E95EEE8E225B598300A1C23F /* AppDelegate.swift in Sources */,
			);
			runOnlyForDeploymentPostprocessing = 0;
		};
/* End PBXSourcesBuildPhase section */

/* Begin PBXVariantGroup section */
		E95EEE93225B598600A1C23F /* Main.storyboard */ = {
			isa = PBXVariantGroup;
			children = (
				E95EEE94225B598600A1C23F /* Base */,
			);
			name = Main.storyboard;
			sourceTree = "<group>";
		};
/* End PBXVariantGroup section */

/* Begin XCBuildConfiguration section */
		E95EEE98225B598600A1C23F /* Debug */ = {
			isa = XCBuildConfiguration;
			buildSettings = {
				ALWAYS_SEARCH_USER_PATHS = NO;
				CLANG_ANALYZER_NONNULL = YES;
				CLANG_ANALYZER_NUMBER_OBJECT_CONVERSION = YES_AGGRESSIVE;
				CLANG_CXX_LANGUAGE_STANDARD = "gnu++14";
				CLANG_CXX_LIBRARY = "libc++";
				CLANG_ENABLE_MODULES = YES;
				CLANG_ENABLE_OBJC_ARC = YES;
				CLANG_ENABLE_OBJC_WEAK = YES;
				CLANG_WARN_BLOCK_CAPTURE_AUTORELEASING = YES;
				CLANG_WARN_BOOL_CONVERSION = YES;
				CLANG_WARN_COMMA = YES;
				CLANG_WARN_CONSTANT_CONVERSION = YES;
				CLANG_WARN_DEPRECATED_OBJC_IMPLEMENTATIONS = YES;
				CLANG_WARN_DIRECT_OBJC_ISA_USAGE = YES_ERROR;
				CLANG_WARN_DOCUMENTATION_COMMENTS = YES;
				CLANG_WARN_EMPTY_BODY = YES;
				CLANG_WARN_ENUM_CONVERSION = YES;
				CLANG_WARN_INFINITE_RECURSION = YES;
				CLANG_WARN_INT_CONVERSION = YES;
				CLANG_WARN_NON_LITERAL_NULL_CONVERSION = YES;
				CLANG_WARN_OBJC_IMPLICIT_RETAIN_SELF = YES;
				CLANG_WARN_OBJC_LITERAL_CONVERSION = YES;
				CLANG_WARN_OBJC_ROOT_CLASS = YES_ERROR;
				CLANG_WARN_RANGE_LOOP_ANALYSIS = YES;
				CLANG_WARN_STRICT_PROTOTYPES = YES;
				CLANG_WARN_SUSPICIOUS_MOVE = YES;
				CLANG_WARN_UNGUARDED_AVAILABILITY = YES_AGGRESSIVE;
				CLANG_WARN_UNREACHABLE_CODE = YES;
				CLANG_WARN__DUPLICATE_METHOD_MATCH = YES;
				CODE_SIGN_IDENTITY = "-";
				COPY_PHASE_STRIP = NO;
				DEBUG_INFORMATION_FORMAT = dwarf;
				ENABLE_STRICT_OBJC_MSGSEND = YES;
				ENABLE_TESTABILITY = YES;
				GCC_C_LANGUAGE_STANDARD = gnu11;
				GCC_DYNAMIC_NO_PIC = NO;
				GCC_NO_COMMON_BLOCKS = YES;
				GCC_OPTIMIZATION_LEVEL = 0;
				GCC_PREPROCESSOR_DEFINITIONS = (
					"DEBUG=1",
					"$(inherited)",
				);
				GCC_WARN_64_TO_32_BIT_CONVERSION = YES;
				GCC_WARN_ABOUT_RETURN_TYPE = YES_ERROR;
				GCC_WARN_UNDECLARED_SELECTOR = YES;
				GCC_WARN_UNINITIALIZED_AUTOS = YES_AGGRESSIVE;
				GCC_WARN_UNUSED_FUNCTION = YES;
				GCC_WARN_UNUSED_VARIABLE = YES;
				MACOSX_DEPLOYMENT_TARGET = 10.14;
				MTL_ENABLE_DEBUG_INFO = INCLUDE_SOURCE;
				MTL_FAST_MATH = YES;
				ONLY_ACTIVE_ARCH = YES;
				SDKROOT = macosx;
				SWIFT_ACTIVE_COMPILATION_CONDITIONS = DEBUG;
				SWIFT_OPTIMIZATION_LEVEL = "-Onone";
			};
			name = Debug;
		};
		E95EEE99225B598600A1C23F /* Release */ = {
			isa = XCBuildConfiguration;
			buildSettings = {
				ALWAYS_SEARCH_USER_PATHS = NO;
				CLANG_ANALYZER_NONNULL = YES;
				CLANG_ANALYZER_NUMBER_OBJECT_CONVERSION = YES_AGGRESSIVE;
				CLANG_CXX_LANGUAGE_STANDARD = "gnu++14";
				CLANG_CXX_LIBRARY = "libc++";
				CLANG_ENABLE_MODULES = YES;
				CLANG_ENABLE_OBJC_ARC = YES;
				CLANG_ENABLE_OBJC_WEAK = YES;
				CLANG_WARN_BLOCK_CAPTURE_AUTORELEASING = YES;
				CLANG_WARN_BOOL_CONVERSION = YES;
				CLANG_WARN_COMMA = YES;
				CLANG_WARN_CONSTANT_CONVERSION = YES;
				CLANG_WARN_DEPRECATED_OBJC_IMPLEMENTATIONS = YES;
				CLANG_WARN_DIRECT_OBJC_ISA_USAGE = YES_ERROR;
				CLANG_WARN_DOCUMENTATION_COMMENTS = YES;
				CLANG_WARN_EMPTY_BODY = YES;
				CLANG_WARN_ENUM_CONVERSION = YES;
				CLANG_WARN_INFINITE_RECURSION = YES;
				CLANG_WARN_INT_CONVERSION = YES;
				CLANG_WARN_NON_LITERAL_NULL_CONVERSION = YES;
				CLANG_WARN_OBJC_IMPLICIT_RETAIN_SELF = YES;
				CLANG_WARN_OBJC_LITERAL_CONVERSION = YES;
				CLANG_WARN_OBJC_ROOT_CLASS = YES_ERROR;
				CLANG_WARN_RANGE_LOOP_ANALYSIS = YES;
				CLANG_WARN_STRICT_PROTOTYPES = YES;
				CLANG_WARN_SUSPICIOUS_MOVE = YES;
				CLANG_WARN_UNGUARDED_AVAILABILITY = YES_AGGRESSIVE;
				CLANG_WARN_UNREACHABLE_CODE = YES;
				CLANG_WARN__DUPLICATE_METHOD_MATCH = YES;
				CODE_SIGN_IDENTITY = "-";
				COPY_PHASE_STRIP = NO;
				DEBUG_INFORMATION_FORMAT = "dwarf-with-dsym";
				ENABLE_NS_ASSERTIONS = NO;
				ENABLE_STRICT_OBJC_MSGSEND = YES;
				GCC_C_LANGUAGE_STANDARD = gnu11;
				GCC_NO_COMMON_BLOCKS = YES;
				GCC_WARN_64_TO_32_BIT_CONVERSION = YES;
				GCC_WARN_ABOUT_RETURN_TYPE = YES_ERROR;
				GCC_WARN_UNDECLARED_SELECTOR = YES;
				GCC_WARN_UNINITIALIZED_AUTOS = YES_AGGRESSIVE;
				GCC_WARN_UNUSED_FUNCTION = YES;
				GCC_WARN_UNUSED_VARIABLE = YES;
				MACOSX_DEPLOYMENT_TARGET = 10.14;
				MTL_ENABLE_DEBUG_INFO = NO;
				MTL_FAST_MATH = YES;
				SDKROOT = macosx;
				SWIFT_COMPILATION_MODE = wholemodule;
				SWIFT_OPTIMIZATION_LEVEL = "-O";
			};
			name = Release;
		};
		E95EEE9B225B598600A1C23F /* Debug */ = {
			isa = XCBuildConfiguration;
			buildSettings = {
				ASSETCATALOG_COMPILER_APPICON_NAME = AppIcon;
				CODE_SIGN_ENTITLEMENTS = SwiftWorkshop/SwiftWorkshop.entitlements;
				CODE_SIGN_STYLE = Automatic;
				COMBINE_HIDPI_IMAGES = YES;
				INFOPLIST_FILE = SwiftWorkshop/Info.plist;
				LD_RUNPATH_SEARCH_PATHS = (
					"$(inherited)",
					"@executable_path/../Frameworks",
				);
				PRODUCT_BUNDLE_IDENTIFIER = de.mayflower.swiftworkshop.SwiftWorkshop;
				PRODUCT_NAME = "$(TARGET_NAME)";
				SWIFT_VERSION = 4.2;
			};
			name = Debug;
		};
		E95EEE9C225B598600A1C23F /* Release */ = {
			isa = XCBuildConfiguration;
			buildSettings = {
				ASSETCATALOG_COMPILER_APPICON_NAME = AppIcon;
				CODE_SIGN_ENTITLEMENTS = SwiftWorkshop/SwiftWorkshop.entitlements;
				CODE_SIGN_STYLE = Automatic;
				COMBINE_HIDPI_IMAGES = YES;
				INFOPLIST_FILE = SwiftWorkshop/Info.plist;
				LD_RUNPATH_SEARCH_PATHS = (
					"$(inherited)",
					"@executable_path/../Frameworks",
				);
				PRODUCT_BUNDLE_IDENTIFIER = de.mayflower.swiftworkshop.SwiftWorkshop;
				PRODUCT_NAME = "$(TARGET_NAME)";
				SWIFT_VERSION = 4.2;
			};
			name = Release;
		};
/* End XCBuildConfiguration section */

/* Begin XCConfigurationList section */
		E95EEE85225B598300A1C23F /* Build configuration list for PBXProject "SwiftWorkshop" */ = {
			isa = XCConfigurationList;
			buildConfigurations = (
				E95EEE98225B598600A1C23F /* Debug */,
				E95EEE99225B598600A1C23F /* Release */,
			);
			defaultConfigurationIsVisible = 0;
			defaultConfigurationName = Release;
		};
		E95EEE9A225B598600A1C23F /* Build configuration list for PBXNativeTarget "SwiftWorkshop" */ = {
			isa = XCConfigurationList;
			buildConfigurations = (
				E95EEE9B225B598600A1C23F /* Debug */,
				E95EEE9C225B598600A1C23F /* Release */,
			);
			defaultConfigurationIsVisible = 0;
			defaultConfigurationName = Release;
		};
/* End XCConfigurationList section */
	};
	rootObject = E95EEE82225B598300A1C23F /* Project object */;
}
